# THIS IS AN AUTOGENERATED FILE. DO NOT EDIT THIS FILE DIRECTLY.
# yarn lockfile v1


ansi-escapes@^3.0.0:
  version "3.0.0"
  resolved "https://ci.decksign.com/nexus/repository/decksign-npm/ansi-escapes/-/ansi-escapes-3.0.0.tgz#ec3e8b4e9f8064fc02c3ac9b65f1c275bda8ef92"

ansi-regex@^3.0.0:
  version "3.0.0"
  resolved "https://ci.decksign.com/nexus/repository/decksign-npm/ansi-regex/-/ansi-regex-3.0.0.tgz#ed0317c322064f79466c02966bddb605ab37d998"

ansi-styles@^3.1.0:
  version "3.2.0"
  resolved "https://ci.decksign.com/nexus/repository/decksign-npm/ansi-styles/-/ansi-styles-3.2.0.tgz#c159b8d5be0f9e5a6f346dab94f16ce022161b88"
  dependencies:
    color-convert "^1.9.0"

ansicolors@~0.2.1:
  version "0.2.1"
  resolved "https://ci.decksign.com/nexus/repository/decksign-npm/ansicolors/-/ansicolors-0.2.1.tgz#be089599097b74a5c9c4a84a0cdbcdb62bd87aef"

ansistyles@~0.1.1:
  version "0.1.3"
  resolved "https://ci.decksign.com/nexus/repository/decksign-npm/ansistyles/-/ansistyles-0.1.3.tgz#5de60415bda071bb37127854c864f41b23254539"

balanced-match@^1.0.0:
  version "1.0.0"
  resolved "https://ci.decksign.com/nexus/repository/decksign-npm/balanced-match/-/balanced-match-1.0.0.tgz#89b4d199ab2bee49de164ea02b89ce462d71b767"

brace-expansion@^1.1.7:
  version "1.1.8"
  resolved "https://ci.decksign.com/nexus/repository/decksign-npm/brace-expansion/-/brace-expansion-1.1.8.tgz#c07b211c7c952ec1f8efd51a77ef0d1d3990a292"
  dependencies:
    balanced-match "^1.0.0"
    concat-map "0.0.1"

bunyan-format@^0.2.1:
  version "0.2.1"
  resolved "https://ci.decksign.com/nexus/repository/decksign-npm/bunyan-format/-/bunyan-format-0.2.1.tgz#a4b3b0d80070a865279417269e3f00ff02fbcb47"
  dependencies:
    ansicolors "~0.2.1"
    ansistyles "~0.1.1"
    xtend "~2.1.1"

bunyan@^1.8.12:
  version "1.8.12"
  resolved "https://ci.decksign.com/nexus/repository/decksign-npm/bunyan/-/bunyan-1.8.12.tgz#f150f0f6748abdd72aeae84f04403be2ef113797"
  optionalDependencies:
    dtrace-provider "~0.8"
    moment "^2.10.6"
    mv "~2"
    safe-json-stringify "~1"

chalk@^2.0.0:
  version "2.3.0"
  resolved "https://ci.decksign.com/nexus/repository/decksign-npm/chalk/-/chalk-2.3.0.tgz#b5ea48efc9c1793dccc9b4767c93914d3f2d52ba"
  dependencies:
    ansi-styles "^3.1.0"
    escape-string-regexp "^1.0.5"
    supports-color "^4.0.0"

chardet@^0.4.0:
  version "0.4.2"
  resolved "https://ci.decksign.com/nexus/repository/decksign-npm/chardet/-/chardet-0.4.2.tgz#b5473b33dc97c424e5d98dc87d55d4d8a29c8bf2"

cli-cursor@^2.1.0:
  version "2.1.0"
  resolved "https://ci.decksign.com/nexus/repository/decksign-npm/cli-cursor/-/cli-cursor-2.1.0.tgz#b35dac376479facc3e94747d41d0d0f5238ffcb5"
  dependencies:
    restore-cursor "^2.0.0"

cli-table@^0.3.1:
  version "0.3.1"
  resolved "https://ci.decksign.com/nexus/repository/decksign-npm/cli-table/-/cli-table-0.3.1.tgz#f53b05266a8b1a0b934b3d0821e6e2dc5914ae23"
  dependencies:
    colors "1.0.3"

cli-width@^2.0.0:
  version "2.2.0"
  resolved "https://ci.decksign.com/nexus/repository/decksign-npm/cli-width/-/cli-width-2.2.0.tgz#ff19ede8a9a5e579324147b0c11f0fbcbabed639"

color-convert@^1.9.0:
  version "1.9.1"
  resolved "https://ci.decksign.com/nexus/repository/decksign-npm/color-convert/-/color-convert-1.9.1.tgz#c1261107aeb2f294ebffec9ed9ecad529a6097ed"
  dependencies:
    color-name "^1.1.1"

color-name@^1.1.1:
  version "1.1.3"
  resolved "https://ci.decksign.com/nexus/repository/decksign-npm/color-name/-/color-name-1.1.3.tgz#a7d0558bd89c42f795dd42328f740831ca53bc25"

colors@1.0.3:
  version "1.0.3"
  resolved "https://ci.decksign.com/nexus/repository/decksign-npm/colors/-/colors-1.0.3.tgz#0433f44d809680fdeb60ed260f1b0c262e82a40b"

commander@^2.12.2:
  version "2.12.2"
  resolved "https://ci.decksign.com/nexus/repository/decksign-npm/commander/-/commander-2.12.2.tgz#0f5946c427ed9ec0d91a46bb9def53e54650e555"

concat-map@0.0.1:
  version "0.0.1"
  resolved "https://ci.decksign.com/nexus/repository/decksign-npm/concat-map/-/concat-map-0.0.1.tgz#d8a96bd77fd68df7793a73036a3ba0d5405d477b"

dtrace-provider@~0.8:
  version "0.8.5"
  resolved "https://ci.decksign.com/nexus/repository/decksign-npm/dtrace-provider/-/dtrace-provider-0.8.5.tgz#98ebba221afac46e1c39fd36858d8f9367524b92"
  dependencies:
    nan "^2.3.3"

encoding@^0.1.11:
  version "0.1.12"
  resolved "https://ci.decksign.com/nexus/repository/decksign-npm/encoding/-/encoding-0.1.12.tgz#538b66f3ee62cd1ab51ec323829d1f9480c74beb"
  dependencies:
    iconv-lite "~0.4.13"

escape-string-regexp@^1.0.5:
  version "1.0.5"
  resolved "https://ci.decksign.com/nexus/repository/decksign-npm/escape-string-regexp/-/escape-string-regexp-1.0.5.tgz#1b61c0562190a8dff6ae3bb2cf0200ca130b86d4"

external-editor@^2.1.0:
  version "2.1.0"
  resolved "https://ci.decksign.com/nexus/repository/decksign-npm/external-editor/-/external-editor-2.1.0.tgz#3d026a21b7f95b5726387d4200ac160d372c3b48"
  dependencies:
    chardet "^0.4.0"
    iconv-lite "^0.4.17"
    tmp "^0.0.33"

figures@^2.0.0:
  version "2.0.0"
  resolved "https://ci.decksign.com/nexus/repository/decksign-npm/figures/-/figures-2.0.0.tgz#3ab1a2d2a62c8bfb431a0c94cb797a2fce27c962"
  dependencies:
    escape-string-regexp "^1.0.5"

glob@^6.0.1:
  version "6.0.4"
  resolved "https://ci.decksign.com/nexus/repository/decksign-npm/glob/-/glob-6.0.4.tgz#0f08860f6a155127b2fadd4f9ce24b1aab6e4d22"
  dependencies:
    inflight "^1.0.4"
    inherits "2"
    minimatch "2 || 3"
    once "^1.3.0"
    path-is-absolute "^1.0.0"

has-flag@^2.0.0:
  version "2.0.0"
  resolved "https://ci.decksign.com/nexus/repository/decksign-npm/has-flag/-/has-flag-2.0.0.tgz#e8207af1cc7b30d446cc70b734b5e8be18f88d51"

iconv-lite@^0.4.17, iconv-lite@~0.4.13:
  version "0.4.19"
  resolved "https://ci.decksign.com/nexus/repository/decksign-npm/iconv-lite/-/iconv-lite-0.4.19.tgz#f7468f60135f5e5dad3399c0a81be9a1603a082b"

inflight@^1.0.4:
  version "1.0.6"
  resolved "https://ci.decksign.com/nexus/repository/decksign-npm/inflight/-/inflight-1.0.6.tgz#49bd6331d7d02d0c09bc910a1075ba8165b56df9"
  dependencies:
    once "^1.3.0"
    wrappy "1"

inherits@2:
  version "2.0.3"
  resolved "https://ci.decksign.com/nexus/repository/decksign-npm/inherits/-/inherits-2.0.3.tgz#633c2c83e3da42a502f52466022480f4208261de"

inquirer@^5.0.0:
  version "5.0.0"
  resolved "https://ci.decksign.com/nexus/repository/decksign-npm/inquirer/-/inquirer-5.0.0.tgz#261b77cdb535495509f1b90197108ffb96c02db5"
  dependencies:
    ansi-escapes "^3.0.0"
    chalk "^2.0.0"
    cli-cursor "^2.1.0"
    cli-width "^2.0.0"
    external-editor "^2.1.0"
    figures "^2.0.0"
    lodash "^4.3.0"
    mute-stream "0.0.7"
    run-async "^2.2.0"
    rxjs "^5.5.2"
    string-width "^2.1.0"
    strip-ansi "^4.0.0"
    through "^2.3.6"

is-fullwidth-code-point@^2.0.0:
  version "2.0.0"
  resolved "https://ci.decksign.com/nexus/repository/decksign-npm/is-fullwidth-code-point/-/is-fullwidth-code-point-2.0.0.tgz#a3b30a5c4f199183167aaab93beefae3ddfb654f"

is-promise@^2.1.0:
  version "2.1.0"
  resolved "https://ci.decksign.com/nexus/repository/decksign-npm/is-promise/-/is-promise-2.1.0.tgz#79a2a9ece7f096e80f36d2b2f3bc16c1ff4bf3fa"

is-stream@^1.0.1:
  version "1.1.0"
  resolved "https://ci.decksign.com/nexus/repository/decksign-npm/is-stream/-/is-stream-1.1.0.tgz#12d4a3dd4e68e0b79ceb8dbc84173ae80d91ca44"

lodash@^4.3.0:
  version "4.17.4"
  resolved "https://ci.decksign.com/nexus/repository/decksign-npm/lodash/-/lodash-4.17.4.tgz#78203a4d1c328ae1d86dca6460e369b57f4055ae"

mimic-fn@^1.0.0:
  version "1.1.0"
  resolved "https://ci.decksign.com/nexus/repository/decksign-npm/mimic-fn/-/mimic-fn-1.1.0.tgz#e667783d92e89dbd342818b5230b9d62a672ad18"

"minimatch@2 || 3":
  version "3.0.4"
  resolved "https://ci.decksign.com/nexus/repository/decksign-npm/minimatch/-/minimatch-3.0.4.tgz#5166e286457f03306064be5497e8dbb0c3d32083"
  dependencies:
    brace-expansion "^1.1.7"

minimist@0.0.8:
  version "0.0.8"
  resolved "https://ci.decksign.com/nexus/repository/decksign-npm/minimist/-/minimist-0.0.8.tgz#857fcabfc3397d2625b8228262e86aa7a011b05d"

mkdirp@~0.5.1:
  version "0.5.1"
  resolved "https://ci.decksign.com/nexus/repository/decksign-npm/mkdirp/-/mkdirp-0.5.1.tgz#30057438eac6cf7f8c4767f38648d6697d75c903"
  dependencies:
    minimist "0.0.8"

moment@^2.10.6:
  version "2.20.1"
  resolved "https://ci.decksign.com/nexus/repository/decksign-npm/moment/-/moment-2.20.1.tgz#d6eb1a46cbcc14a2b2f9434112c1ff8907f313fd"

mute-stream@0.0.7:
  version "0.0.7"
  resolved "https://ci.decksign.com/nexus/repository/decksign-npm/mute-stream/-/mute-stream-0.0.7.tgz#3075ce93bc21b8fab43e1bc4da7e8115ed1e7bab"

mv@~2:
  version "2.1.1"
  resolved "https://ci.decksign.com/nexus/repository/decksign-npm/mv/-/mv-2.1.1.tgz#ae6ce0d6f6d5e0a4f7d893798d03c1ea9559b6a2"
  dependencies:
    mkdirp "~0.5.1"
    ncp "~2.0.0"
    rimraf "~2.4.0"

nan@^2.3.3:
  version "2.8.0"
  resolved "https://ci.decksign.com/nexus/repository/decksign-npm/nan/-/nan-2.8.0.tgz#ed715f3fe9de02b57a5e6252d90a96675e1f085a"

ncp@~2.0.0:
  version "2.0.0"
  resolved "https://ci.decksign.com/nexus/repository/decksign-npm/ncp/-/ncp-2.0.0.tgz#195a21d6c46e361d2fb1281ba38b91e9df7bdbb3"

node-fetch@^1.7.3:
  version "1.7.3"
  resolved "https://ci.decksign.com/nexus/repository/decksign-npm/node-fetch/-/node-fetch-1.7.3.tgz#980f6f72d85211a5347c6b2bc18c5b84c3eb47ef"
  dependencies:
    encoding "^0.1.11"
    is-stream "^1.0.1"

object-keys@~0.4.0:
  version "0.4.0"
  resolved "https://ci.decksign.com/nexus/repository/decksign-npm/object-keys/-/object-keys-0.4.0.tgz#28a6aae7428dd2c3a92f3d95f21335dd204e0336"

once@^1.3.0:
  version "1.4.0"
  resolved "https://ci.decksign.com/nexus/repository/decksign-npm/once/-/once-1.4.0.tgz#583b1aa775961d4b113ac17d9c50baef9dd76bd1"
  dependencies:
    wrappy "1"

onetime@^2.0.0:
  version "2.0.1"
  resolved "https://ci.decksign.com/nexus/repository/decksign-npm/onetime/-/onetime-2.0.1.tgz#067428230fd67443b2794b22bba528b6867962d4"
  dependencies:
    mimic-fn "^1.0.0"

os-tmpdir@~1.0.2:
  version "1.0.2"
  resolved "https://ci.decksign.com/nexus/repository/decksign-npm/os-tmpdir/-/os-tmpdir-1.0.2.tgz#bbe67406c79aa85c5cfec766fe5734555dfa1274"

path-is-absolute@^1.0.0:
  version "1.0.1"
  resolved "https://ci.decksign.com/nexus/repository/decksign-npm/path-is-absolute/-/path-is-absolute-1.0.1.tgz#174b9268735534ffbc7ace6bf53a5a9e1b5c5f5f"

restore-cursor@^2.0.0:
  version "2.0.0"
  resolved "https://ci.decksign.com/nexus/repository/decksign-npm/restore-cursor/-/restore-cursor-2.0.0.tgz#9f7ee287f82fd326d4fd162923d62129eee0dfaf"
  dependencies:
    onetime "^2.0.0"
    signal-exit "^3.0.2"

rimraf@~2.4.0:
  version "2.4.5"
  resolved "https://ci.decksign.com/nexus/repository/decksign-npm/rimraf/-/rimraf-2.4.5.tgz#ee710ce5d93a8fdb856fb5ea8ff0e2d75934b2da"
  dependencies:
    glob "^6.0.1"

run-async@^2.2.0:
  version "2.3.0"
  resolved "https://ci.decksign.com/nexus/repository/decksign-npm/run-async/-/run-async-2.3.0.tgz#0371ab4ae0bdd720d4166d7dfda64ff7a445a6c0"
  dependencies:
    is-promise "^2.1.0"

rxjs@^5.5.2:
  version "5.5.6"
  resolved "https://ci.decksign.com/nexus/repository/decksign-npm/rxjs/-/rxjs-5.5.6.tgz#e31fb96d6fd2ff1fd84bcea8ae9c02d007179c02"
  dependencies:
    symbol-observable "1.0.1"

safe-json-stringify@~1:
  version "1.0.4"
  resolved "https://ci.decksign.com/nexus/repository/decksign-npm/safe-json-stringify/-/safe-json-stringify-1.0.4.tgz#81a098f447e4bbc3ff3312a243521bc060ef5911"

signal-exit@^3.0.2:
  version "3.0.2"
  resolved "https://ci.decksign.com/nexus/repository/decksign-npm/signal-exit/-/signal-exit-3.0.2.tgz#b5fdc08f1287ea1178628e415e25132b73646c6d"

string-width@^2.1.0:
  version "2.1.1"
  resolved "https://ci.decksign.com/nexus/repository/decksign-npm/string-width/-/string-width-2.1.1.tgz#ab93f27a8dc13d28cac815c462143a6d9012ae9e"
  dependencies:
    is-fullwidth-code-point "^2.0.0"
    strip-ansi "^4.0.0"

strip-ansi@^4.0.0:
  version "4.0.0"
  resolved "https://ci.decksign.com/nexus/repository/decksign-npm/strip-ansi/-/strip-ansi-4.0.0.tgz#a8479022eb1ac368a871389b635262c505ee368f"
  dependencies:
    ansi-regex "^3.0.0"

supports-color@^4.0.0:
  version "4.5.0"
  resolved "https://ci.decksign.com/nexus/repository/decksign-npm/supports-color/-/supports-color-4.5.0.tgz#be7a0de484dec5c5cddf8b3d59125044912f635b"
  dependencies:
    has-flag "^2.0.0"

symbol-observable@1.0.1:
  version "1.0.1"
  resolved "https://ci.decksign.com/nexus/repository/decksign-npm/symbol-observable/-/symbol-observable-1.0.1.tgz#8340fc4702c3122df5d22288f88283f513d3fdd4"

through@^2.3.6:
  version "2.3.8"
  resolved "https://ci.decksign.com/nexus/repository/decksign-npm/through/-/through-2.3.8.tgz#0dd4c9ffaabc357960b1b724115d7e0e86a2e1f5"

tmp@^0.0.33:
  version "0.0.33"
  resolved "https://ci.decksign.com/nexus/repository/decksign-npm/tmp/-/tmp-0.0.33.tgz#6d34335889768d21b2bcda0aa277ced3b1bfadf9"
  dependencies:
    os-tmpdir "~1.0.2"

wrappy@1:
  version "1.0.2"
  resolved "https://ci.decksign.com/nexus/repository/decksign-npm/wrappy/-/wrappy-1.0.2.tgz#b5243d8f3ec1aa35f1364605bc0d1036e30ab69f"

xtend@~2.1.1:
  version "2.1.2"
  resolved "https://ci.decksign.com/nexus/repository/decksign-npm/xtend/-/xtend-2.1.2.tgz#6efecc2a4dad8e6962c4901b337ce7ba87b5d28b"
  dependencies:
    object-keys "~0.4.0"
